
Microsoft Visual Studio Solution File, Format Version 12.00
# Visual Studio Version 16
VisualStudioVersion = 16.0.31613.86
MinimumVisualStudioVersion = 10.0.40219.1
Project("{FAE04EC0-301F-11D3-BF4B-00C04F79EFBC}") = "CRUD", "CRUD.csproj", "{13558CE3-3005-4151-947D-18FCE52A585D}"
EndProject
Global
	GlobalSection(SolutionConfigurationPlatforms) = preSolution
		Debug|Any CPU = Debug|Any CPU
		Release|Any CPU = Release|Any CPU
	EndGlobalSection
	GlobalSection(ProjectConfigurationPlatforms) = postSolution
		{13558CE3-3005-4151-947D-18FCE52A585D}.Debug|Any CPU.ActiveCfg = Debug|Any CPU
		{13558CE3-3005-4151-947D-18FCE52A585D}.Debug|Any CPU.Build.0 = Debug|Any CPU
		{13558CE3-3005-4151-947D-18FCE52A585D}.Release|Any CPU.ActiveCfg = Release|Any CPU
		{13558CE3-3005-4151-947D-18FCE52A585D}.Release|Any CPU.Build.0 = Release|Any CPU
	EndGlobalSection
	GlobalSection(SolutionProperties) = preSolution
		HideSolutionNode = FALSE
	EndGlobalSection
	GlobalSection(ExtensibilityGlobals) = postSolution
		SolutionGuid = {B7CE621E-DE5C-4AAF-A7DA-9AA2DAC8335E}
	EndGlobalSection
EndGlobal
